PODS:
  - arkit_plugin (0.0.1):
    - Flutter
    - GLTFSceneKit
  - Flutter (1.0.0)
  - GLTFSceneKit (0.3.0)
  - shared_preferences_foundation (0.0.1):
    - Flutter
    - FlutterMacOS

DEPENDENCIES:
  - arkit_plugin (from `.symlinks/plugins/arkit_plugin/ios`)
  - Flutter (from `Flutter`)
  - shared_preferences_foundation (from `.symlinks/plugins/shared_preferences_foundation/ios`)

SPEC REPOS:
  trunk:
    - GLTFSceneKit

EXTERNAL SOURCES:
  arkit_plugin:
    :path: ".symlinks/plugins/arkit_plugin/ios"
  Flutter:
    :path: Flutter
  shared_preferences_foundation:
    :path: ".symlinks/plugins/shared_preferences_foundation/ios"

SPEC CHECKSUMS:
  arkit_plugin: bb56e71ef215147316ecf3774d5cb74beda20a10
  Flutter: f04841e97a9d0b0a8025694d0796dd46242b2854
  GLTFSceneKit: d1b437c514ba2aed5555afb0fddd64e030612d57
  shared_preferences_foundation: 5b919d13b803cadd15ed2dc053125c68730e5126

PODFILE CHECKSUM: 7368163408c647b7eb699d0d788ba6718e18fb8d

COCOAPODS: 1.11.2
